
Microsoft Visual Studio Solution File, Format Version 12.00
# Visual Studio Version 17
VisualStudioVersion = 17.5.33516.290
MinimumVisualStudioVersion = 10.0.40219.1
Project("{9A19103F-16F7-4668-BE54-9A1E7A4F7556}") = "WebAppMovies", "WebAppMovies\WebAppMovies.csproj", "{9AE100B4-078E-4F95-B775-75583C7469E2}"
EndProject
Global
	GlobalSection(SolutionConfigurationPlatforms) = preSolution
		Debug|Any CPU = Debug|Any CPU
		Release|Any CPU = Release|Any CPU
	EndGlobalSection
	GlobalSection(ProjectConfigurationPlatforms) = postSolution
		{9AE100B4-078E-4F95-B775-75583C7469E2}.Debug|Any CPU.ActiveCfg = Debug|Any CPU
		{9AE100B4-078E-4F95-B775-75583C7469E2}.Debug|Any CPU.Build.0 = Debug|Any CPU
		{9AE100B4-078E-4F95-B775-75583C7469E2}.Release|Any CPU.ActiveCfg = Release|Any CPU
		{9AE100B4-078E-4F95-B775-75583C7469E2}.Release|Any CPU.Build.0 = Release|Any CPU
	EndGlobalSection
	GlobalSection(SolutionProperties) = preSolution
		HideSolutionNode = FALSE
	EndGlobalSection
	GlobalSection(ExtensibilityGlobals) = postSolution
		SolutionGuid = {77EB2B9D-1C75-401A-922F-6C78EF2A7211}
	EndGlobalSection
EndGlobal
